
Microsoft Visual Studio Solution File, Format Version 12.00
# Visual Studio Version 17
VisualStudioVersion = 17.0.31612.314
MinimumVisualStudioVersion = 10.0.40219.1
Project("{9A19103F-16F7-4668-BE54-9A1E7A4F7556}") = "MorySnip", "MorySnip\MorySnip.csproj", "{34F30817-37EE-4A6F-A67C-9EC19212AB57}"
EndProject
Project("{54435603-DBB4-11D2-8724-00A0C9A8B90C}") = "MorySnip.Setup", "MorySnip.Setup\MorySnip.Setup.vdproj", "{E432E9DE-7A3E-459E-B5A3-45A5FBA3DECB}"
EndProject
Global
	GlobalSection(SolutionConfigurationPlatforms) = preSolution
		Debug|Any CPU = Debug|Any CPU
		Release|Any CPU = Release|Any CPU
	EndGlobalSection
	GlobalSection(ProjectConfigurationPlatforms) = postSolution
		{34F30817-37EE-4A6F-A67C-9EC19212AB57}.Debug|Any CPU.ActiveCfg = Debug|Any CPU
		{34F30817-37EE-4A6F-A67C-9EC19212AB57}.Debug|Any CPU.Build.0 = Debug|Any CPU
		{34F30817-37EE-4A6F-A67C-9EC19212AB57}.Release|Any CPU.ActiveCfg = Release|Any CPU
		{34F30817-37EE-4A6F-A67C-9EC19212AB57}.Release|Any CPU.Build.0 = Release|Any CPU
		{E432E9DE-7A3E-459E-B5A3-45A5FBA3DECB}.Debug|Any CPU.ActiveCfg = Debug
		{E432E9DE-7A3E-459E-B5A3-45A5FBA3DECB}.Release|Any CPU.ActiveCfg = Release
	EndGlobalSection
	GlobalSection(SolutionProperties) = preSolution
		HideSolutionNode = FALSE
	EndGlobalSection
	GlobalSection(ExtensibilityGlobals) = postSolution
		SolutionGuid = {B4456F45-2727-4064-8324-744210D54E38}
	EndGlobalSection
EndGlobal
